// !$*UTF8*$!
{
	archiveVersion = 1;
	classes = {
	};
	objectVersion = 55;
	objects = {

/* Begin PBXBuildFile section */
		D7A80F062995D7AD00882F7B /* AppDelegate.swift in Sources */ = {isa = PBXBuildFile; fileRef = D7A80F052995D7AD00882F7B /* AppDelegate.swift */; };
		D7A80F082995D7AD00882F7B /* SceneDelegate.swift in Sources */ = {isa = PBXBuildFile; fileRef = D7A80F072995D7AD00882F7B /* SceneDelegate.swift */; };
		D7A80F0A2995D7AD00882F7B /* ViewController.swift in Sources */ = {isa = PBXBuildFile; fileRef = D7A80F092995D7AD00882F7B /* ViewController.swift */; };
		D7A80F0D2995D7AD00882F7B /* Main.storyboard in Resources */ = {isa = PBXBuildFile; fileRef = D7A80F0B2995D7AD00882F7B /* Main.storyboard */; };
		D7A80F0F2995D7B000882F7B /* Assets.xcassets in Resources */ = {isa = PBXBuildFile; fileRef = D7A80F0E2995D7B000882F7B /* Assets.xcassets */; };
		D7A80F122995D7B000882F7B /* LaunchScreen.storyboard in Resources */ = {isa = PBXBuildFile; fileRef = D7A80F102995D7B000882F7B /* LaunchScreen.storyboard */; };
		D7A80F1D2995D7B000882F7B /* RidesTests.swift in Sources */ = {isa = PBXBuildFile; fileRef = D7A80F1C2995D7B000882F7B /* RidesTests.swift */; };
		D7A80F272995D7B000882F7B /* RidesUITests.swift in Sources */ = {isa = PBXBuildFile; fileRef = D7A80F262995D7B000882F7B /* RidesUITests.swift */; };
		D7A80F292995D7B000882F7B /* RidesUITestsLaunchTests.swift in Sources */ = {isa = PBXBuildFile; fileRef = D7A80F282995D7B000882F7B /* RidesUITestsLaunchTests.swift */; };
/* End PBXBuildFile section */

/* Begin PBXContainerItemProxy section */
		D7A80F192995D7B000882F7B /* PBXContainerItemProxy */ = {
			isa = PBXContainerItemProxy;
			containerPortal = D7A80EFA2995D7AD00882F7B /* Project object */;
			proxyType = 1;
			remoteGlobalIDString = D7A80F012995D7AD00882F7B;
			remoteInfo = Rides;
		};
		D7A80F232995D7B000882F7B /* PBXContainerItemProxy */ = {
			isa = PBXContainerItemProxy;
			containerPortal = D7A80EFA2995D7AD00882F7B /* Project object */;
			proxyType = 1;
			remoteGlobalIDString = D7A80F012995D7AD00882F7B;
			remoteInfo = Rides;
		};
/* End PBXContainerItemProxy section */

/* Begin PBXFileReference section */
		D7A80F022995D7AD00882F7B /* Rides.app */ = {isa = PBXFileReference; explicitFileType = wrapper.application; includeInIndex = 0; path = Rides.app; sourceTree = BUILT_PRODUCTS_DIR; };
		D7A80F052995D7AD00882F7B /* AppDelegate.swift */ = {isa = PBXFileReference; lastKnownFileType = sourcecode.swift; path = AppDelegate.swift; sourceTree = "<group>"; };
		D7A80F072995D7AD00882F7B /* SceneDelegate.swift */ = {isa = PBXFileReference; lastKnownFileType = sourcecode.swift; path = SceneDelegate.swift; sourceTree = "<group>"; };
		D7A80F092995D7AD00882F7B /* ViewController.swift */ = {isa = PBXFileReference; lastKnownFileType = sourcecode.swift; path = ViewController.swift; sourceTree = "<group>"; };
		D7A80F0C2995D7AD00882F7B /* Base */ = {isa = PBXFileReference; lastKnownFileType = file.storyboard; name = Base; path = Base.lproj/Main.storyboard; sourceTree = "<group>"; };
		D7A80F0E2995D7B000882F7B /* Assets.xcassets */ = {isa = PBXFileReference; lastKnownFileType = folder.assetcatalog; path = Assets.xcassets; sourceTree = "<group>"; };
		D7A80F112995D7B000882F7B /* Base */ = {isa = PBXFileReference; lastKnownFileType = file.storyboard; name = Base; path = Base.lproj/LaunchScreen.storyboard; sourceTree = "<group>"; };
		D7A80F132995D7B000882F7B /* Info.plist */ = {isa = PBXFileReference; lastKnownFileType = text.plist.xml; path = Info.plist; sourceTree = "<group>"; };
		D7A80F182995D7B000882F7B /* RidesTests.xctest */ = {isa = PBXFileReference; explicitFileType = wrapper.cfbundle; includeInIndex = 0; path = RidesTests.xctest; sourceTree = BUILT_PRODUCTS_DIR; };
		D7A80F1C2995D7B000882F7B /* RidesTests.swift */ = {isa = PBXFileReference; lastKnownFileType = sourcecode.swift; path = RidesTests.swift; sourceTree = "<group>"; };
		D7A80F222995D7B000882F7B /* RidesUITests.xctest */ = {isa = PBXFileReference; explicitFileType = wrapper.cfbundle; includeInIndex = 0; path = RidesUITests.xctest; sourceTree = BUILT_PRODUCTS_DIR; };
		D7A80F262995D7B000882F7B /* RidesUITests.swift */ = {isa = PBXFileReference; lastKnownFileType = sourcecode.swift; path = RidesUITests.swift; sourceTree = "<group>"; };
		D7A80F282995D7B000882F7B /* RidesUITestsLaunchTests.swift */ = {isa = PBXFileReference; lastKnownFileType = sourcecode.swift; path = RidesUITestsLaunchTests.swift; sourceTree = "<group>"; };
/* End PBXFileReference section */

/* Begin PBXFrameworksBuildPhase section */
		D7A80EFF2995D7AD00882F7B /* Frameworks */ = {
			isa = PBXFrameworksBuildPhase;
			buildActionMask = 2147483647;
			files = (
			);
			runOnlyForDeploymentPostprocessing = 0;
		};
		D7A80F152995D7B000882F7B /* Frameworks */ = {
			isa = PBXFrameworksBuildPhase;
			buildActionMask = 2147483647;
			files = (
			);
			runOnlyForDeploymentPostprocessing = 0;
		};
		D7A80F1F2995D7B000882F7B /* Frameworks */ = {
			isa = PBXFrameworksBuildPhase;
			buildActionMask = 2147483647;
			files = (
			);
			runOnlyForDeploymentPostprocessing = 0;
		};
/* End PBXFrameworksBuildPhase section */

/* Begin PBXGroup section */
		D7A80EF92995D7AD00882F7B = {
			isa = PBXGroup;
			children = (
				D7A80F042995D7AD00882F7B /* Rides */,
				D7A80F1B2995D7B000882F7B /* RidesTests */,
				D7A80F252995D7B000882F7B /* RidesUITests */,
				D7A80F032995D7AD00882F7B /* Products */,
			);
			sourceTree = "<group>";
		};
		D7A80F032995D7AD00882F7B /* Products */ = {
			isa = PBXGroup;
			children = (
				D7A80F022995D7AD00882F7B /* Rides.app */,
				D7A80F182995D7B000882F7B /* RidesTests.xctest */,
				D7A80F222995D7B000882F7B /* RidesUITests.xctest */,
			);
			name = Products;
			sourceTree = "<group>";
		};
		D7A80F042995D7AD00882F7B /* Rides */ = {
			isa = PBXGroup;
			children = (
				D7A80F052995D7AD00882F7B /* AppDelegate.swift */,
				D7A80F072995D7AD00882F7B /* SceneDelegate.swift */,
				D7A80F092995D7AD00882F7B /* ViewController.swift */,
				D7A80F0B2995D7AD00882F7B /* Main.storyboard */,
				D7A80F0E2995D7B000882F7B /* Assets.xcassets */,
				D7A80F102995D7B000882F7B /* LaunchScreen.storyboard */,
				D7A80F132995D7B000882F7B /* Info.plist */,
			);
			path = Rides;
			sourceTree = "<group>";
		};
		D7A80F1B2995D7B000882F7B /* RidesTests */ = {
			isa = PBXGroup;
			children = (
				D7A80F1C2995D7B000882F7B /* RidesTests.swift */,
			);
			path = RidesTests;
			sourceTree = "<group>";
		};
		D7A80F252995D7B000882F7B /* RidesUITests */ = {
			isa = PBXGroup;
			children = (
				D7A80F262995D7B000882F7B /* RidesUITests.swift */,
				D7A80F282995D7B000882F7B /* RidesUITestsLaunchTests.swift */,
			);
			path = RidesUITests;
			sourceTree = "<group>";
		};
/* End PBXGroup section */

/* Begin PBXNativeTarget section */
		D7A80F012995D7AD00882F7B /* Rides */ = {
			isa = PBXNativeTarget;
			buildConfigurationList = D7A80F2C2995D7B000882F7B /* Build configuration list for PBXNativeTarget "Rides" */;
			buildPhases = (
				D7A80EFE2995D7AD00882F7B /* Sources */,
				D7A80EFF2995D7AD00882F7B /* Frameworks */,
				D7A80F002995D7AD00882F7B /* Resources */,
			);
			buildRules = (
			);
			dependencies = (
			);
			name = Rides;
			productName = Rides;
			productReference = D7A80F022995D7AD00882F7B /* Rides.app */;
			productType = "com.apple.product-type.application";
		};
		D7A80F172995D7B000882F7B /* RidesTests */ = {
			isa = PBXNativeTarget;
			buildConfigurationList = D7A80F2F2995D7B000882F7B /* Build configuration list for PBXNativeTarget "RidesTests" */;
			buildPhases = (
				D7A80F142995D7B000882F7B /* Sources */,
				D7A80F152995D7B000882F7B /* Frameworks */,
				D7A80F162995D7B000882F7B /* Resources */,
			);
			buildRules = (
			);
			dependencies = (
				D7A80F1A2995D7B000882F7B /* PBXTargetDependency */,
			);
			name = RidesTests;
			productName = RidesTests;
			productReference = D7A80F182995D7B000882F7B /* RidesTests.xctest */;
			productType = "com.apple.product-type.bundle.unit-test";
		};
		D7A80F212995D7B000882F7B /* RidesUITests */ = {
			isa = PBXNativeTarget;
			buildConfigurationList = D7A80F322995D7B000882F7B /* Build configuration list for PBXNativeTarget "RidesUITests" */;
			buildPhases = (
				D7A80F1E2995D7B000882F7B /* Sources */,
				D7A80F1F2995D7B000882F7B /* Frameworks */,
				D7A80F202995D7B000882F7B /* Resources */,
			);
			buildRules = (
			);
			dependencies = (
				D7A80F242995D7B000882F7B /* PBXTargetDependency */,
			);
			name = RidesUITests;
			productName = RidesUITests;
			productReference = D7A80F222995D7B000882F7B /* RidesUITests.xctest */;
			productType = "com.apple.product-type.bundle.ui-testing";
		};
/* End PBXNativeTarget section */

/* Begin PBXProject section */
		D7A80EFA2995D7AD00882F7B /* Project object */ = {
			isa = PBXProject;
			attributes = {
				BuildIndependentTargetsInParallel = 1;
				LastSwiftUpdateCheck = 1330;
				LastUpgradeCheck = 1330;
				TargetAttributes = {
					D7A80F012995D7AD00882F7B = {
						CreatedOnToolsVersion = 13.3;
					};
					D7A80F172995D7B000882F7B = {
						CreatedOnToolsVersion = 13.3;
						TestTargetID = D7A80F012995D7AD00882F7B;
					};
					D7A80F212995D7B000882F7B = {
						CreatedOnToolsVersion = 13.3;
						TestTargetID = D7A80F012995D7AD00882F7B;
					};
				};
			};
			buildConfigurationList = D7A80EFD2995D7AD00882F7B /* Build configuration list for PBXProject "Rides" */;
			compatibilityVersion = "Xcode 13.0";
			developmentRegion = en;
			hasScannedForEncodings = 0;
			knownRegions = (
				en,
				Base,
			);
			mainGroup = D7A80EF92995D7AD00882F7B;
			productRefGroup = D7A80F032995D7AD00882F7B /* Products */;
			projectDirPath = "";
			projectRoot = "";
			targets = (
				D7A80F012995D7AD00882F7B /* Rides */,
				D7A80F172995D7B000882F7B /* RidesTests */,
				D7A80F212995D7B000882F7B /* RidesUITests */,
			);
		};
/* End PBXProject section */

/* Begin PBXResourcesBuildPhase section */
		D7A80F002995D7AD00882F7B /* Resources */ = {
			isa = PBXResourcesBuildPhase;
			buildActionMask = 2147483647;
			files = (
				D7A80F122995D7B000882F7B /* LaunchScreen.storyboard in Resources */,
				D7A80F0F2995D7B000882F7B /* Assets.xcassets in Resources */,
				D7A80F0D2995D7AD00882F7B /* Main.storyboard in Resources */,
			);
			runOnlyForDeploymentPostprocessing = 0;
		};
		D7A80F162995D7B000882F7B /* Resources */ = {
			isa = PBXResourcesBuildPhase;
			buildActionMask = 2147483647;
			files = (
			);
			runOnlyForDeploymentPostprocessing = 0;
		};
		D7A80F202995D7B000882F7B /* Resources */ = {
			isa = PBXResourcesBuildPhase;
			buildActionMask = 2147483647;
			files = (
			);
			runOnlyForDeploymentPostprocessing = 0;
		};
/* End PBXResourcesBuildPhase section */

/* Begin PBXSourcesBuildPhase section */
		D7A80EFE2995D7AD00882F7B /* Sources */ = {
			isa = PBXSourcesBuildPhase;
			buildActionMask = 2147483647;
			files = (
				D7A80F0A2995D7AD00882F7B /* ViewController.swift in Sources */,
				D7A80F062995D7AD00882F7B /* AppDelegate.swift in Sources */,
				D7A80F082995D7AD00882F7B /* SceneDelegate.swift in Sources */,
			);
			runOnlyForDeploymentPostprocessing = 0;
		};
		D7A80F142995D7B000882F7B /* Sources */ = {
			isa = PBXSourcesBuildPhase;
			buildActionMask = 2147483647;
			files = (
				D7A80F1D2995D7B000882F7B /* RidesTests.swift in Sources */,
			);
			runOnlyForDeploymentPostprocessing = 0;
		};
		D7A80F1E2995D7B000882F7B /* Sources */ = {
			isa = PBXSourcesBuildPhase;
			buildActionMask = 2147483647;
			files = (
				D7A80F292995D7B000882F7B /* RidesUITestsLaunchTests.swift in Sources */,
				D7A80F272995D7B000882F7B /* RidesUITests.swift in Sources */,
			);
			runOnlyForDeploymentPostprocessing = 0;
		};
/* End PBXSourcesBuildPhase section */

/* Begin PBXTargetDependency section */
		D7A80F1A2995D7B000882F7B /* PBXTargetDependency */ = {
			isa = PBXTargetDependency;
			target = D7A80F012995D7AD00882F7B /* Rides */;
			targetProxy = D7A80F192995D7B000882F7B /* PBXContainerItemProxy */;
		};
		D7A80F242995D7B000882F7B /* PBXTargetDependency */ = {
			isa = PBXTargetDependency;
			target = D7A80F012995D7AD00882F7B /* Rides */;
			targetProxy = D7A80F232995D7B000882F7B /* PBXContainerItemProxy */;
		};
/* End PBXTargetDependency section */

/* Begin PBXVariantGroup section */
		D7A80F0B2995D7AD00882F7B /* Main.storyboard */ = {
			isa = PBXVariantGroup;
			children = (
				D7A80F0C2995D7AD00882F7B /* Base */,
			);
			name = Main.storyboard;
			sourceTree = "<group>";
		};
		D7A80F102995D7B000882F7B /* LaunchScreen.storyboard */ = {
			isa = PBXVariantGroup;
			children = (
				D7A80F112995D7B000882F7B /* Base */,
			);
			name = LaunchScreen.storyboard;
			sourceTree = "<group>";
		};
/* End PBXVariantGroup section */

/* Begin XCBuildConfiguration section */
		D7A80F2A2995D7B000882F7B /* Debug */ = {
			isa = XCBuildConfiguration;
			buildSettings = {
				ALWAYS_SEARCH_USER_PATHS = NO;
				CLANG_ANALYZER_NONNULL = YES;
				CLANG_ANALYZER_NUMBER_OBJECT_CONVERSION = YES_AGGRESSIVE;
				CLANG_CXX_LANGUAGE_STANDARD = "gnu++17";
				CLANG_ENABLE_MODULES = YES;
				CLANG_ENABLE_OBJC_ARC = YES;
				CLANG_ENABLE_OBJC_WEAK = YES;
				CLANG_WARN_BLOCK_CAPTURE_AUTORELEASING = YES;
				CLANG_WARN_BOOL_CONVERSION = YES;
				CLANG_WARN_COMMA = YES;
				CLANG_WARN_CONSTANT_CONVERSION = YES;
				CLANG_WARN_DEPRECATED_OBJC_IMPLEMENTATIONS = YES;
				CLANG_WARN_DIRECT_OBJC_ISA_USAGE = YES_ERROR;
				CLANG_WARN_DOCUMENTATION_COMMENTS = YES;
				CLANG_WARN_EMPTY_BODY = YES;
				CLANG_WARN_ENUM_CONVERSION = YES;
				CLANG_WARN_INFINITE_RECURSION = YES;
				CLANG_WARN_INT_CONVERSION = YES;
				CLANG_WARN_NON_LITERAL_NULL_CONVERSION = YES;
				CLANG_WARN_OBJC_IMPLICIT_RETAIN_SELF = YES;
				CLANG_WARN_OBJC_LITERAL_CONVERSION = YES;
				CLANG_WARN_OBJC_ROOT_CLASS = YES_ERROR;
				CLANG_WARN_QUOTED_INCLUDE_IN_FRAMEWORK_HEADER = YES;
				CLANG_WARN_RANGE_LOOP_ANALYSIS = YES;
				CLANG_WARN_STRICT_PROTOTYPES = YES;
				CLANG_WARN_SUSPICIOUS_MOVE = YES;
				CLANG_WARN_UNGUARDED_AVAILABILITY = YES_AGGRESSIVE;
				CLANG_WARN_UNREACHABLE_CODE = YES;
				CLANG_WARN__DUPLICATE_METHOD_MATCH = YES;
				COPY_PHASE_STRIP = NO;
				DEBUG_INFORMATION_FORMAT = dwarf;
				ENABLE_STRICT_OBJC_MSGSEND = YES;
				ENABLE_TESTABILITY = YES;
				GCC_C_LANGUAGE_STANDARD = gnu11;
				GCC_DYNAMIC_NO_PIC = NO;
				GCC_NO_COMMON_BLOCKS = YES;
				GCC_OPTIMIZATION_LEVEL = 0;
				GCC_PREPROCESSOR_DEFINITIONS = (
					"DEBUG=1",
					"$(inherited)",
				);
				GCC_WARN_64_TO_32_BIT_CONVERSION = YES;
				GCC_WARN_ABOUT_RETURN_TYPE = YES_ERROR;
				GCC_WARN_UNDECLARED_SELECTOR = YES;
				GCC_WARN_UNINITIALIZED_AUTOS = YES_AGGRESSIVE;
				GCC_WARN_UNUSED_FUNCTION = YES;
				GCC_WARN_UNUSED_VARIABLE = YES;
				IPHONEOS_DEPLOYMENT_TARGET = 15.4;
				MTL_ENABLE_DEBUG_INFO = INCLUDE_SOURCE;
				MTL_FAST_MATH = YES;
				ONLY_ACTIVE_ARCH = YES;
				SDKROOT = iphoneos;
				SWIFT_ACTIVE_COMPILATION_CONDITIONS = DEBUG;
				SWIFT_OPTIMIZATION_LEVEL = "-Onone";
			};
			name = Debug;
		};
		D7A80F2B2995D7B000882F7B /* Release */ = {
			isa = XCBuildConfiguration;
			buildSettings = {
				ALWAYS_SEARCH_USER_PATHS = NO;
				CLANG_ANALYZER_NONNULL = YES;
				CLANG_ANALYZER_NUMBER_OBJECT_CONVERSION = YES_AGGRESSIVE;
				CLANG_CXX_LANGUAGE_STANDARD = "gnu++17";
				CLANG_ENABLE_MODULES = YES;
				CLANG_ENABLE_OBJC_ARC = YES;
				CLANG_ENABLE_OBJC_WEAK = YES;
				CLANG_WARN_BLOCK_CAPTURE_AUTORELEASING = YES;
				CLANG_WARN_BOOL_CONVERSION = YES;
				CLANG_WARN_COMMA = YES;
				CLANG_WARN_CONSTANT_CONVERSION = YES;
				CLANG_WARN_DEPRECATED_OBJC_IMPLEMENTATIONS = YES;
				CLANG_WARN_DIRECT_OBJC_ISA_USAGE = YES_ERROR;
				CLANG_WARN_DOCUMENTATION_COMMENTS = YES;
				CLANG_WARN_EMPTY_BODY = YES;
				CLANG_WARN_ENUM_CONVERSION = YES;
				CLANG_WARN_INFINITE_RECURSION = YES;
				CLANG_WARN_INT_CONVERSION = YES;
				CLANG_WARN_NON_LITERAL_NULL_CONVERSION = YES;
				CLANG_WARN_OBJC_IMPLICIT_RETAIN_SELF = YES;
				CLANG_WARN_OBJC_LITERAL_CONVERSION = YES;
				CLANG_WARN_OBJC_ROOT_CLASS = YES_ERROR;
				CLANG_WARN_QUOTED_INCLUDE_IN_FRAMEWORK_HEADER = YES;
				CLANG_WARN_RANGE_LOOP_ANALYSIS = YES;
				CLANG_WARN_STRICT_PROTOTYPES = YES;
				CLANG_WARN_SUSPICIOUS_MOVE = YES;
				CLANG_WARN_UNGUARDED_AVAILABILITY = YES_AGGRESSIVE;
				CLANG_WARN_UNREACHABLE_CODE = YES;
				CLANG_WARN__DUPLICATE_METHOD_MATCH = YES;
				COPY_PHASE_STRIP = NO;
				DEBUG_INFORMATION_FORMAT = "dwarf-with-dsym";
				ENABLE_NS_ASSERTIONS = NO;
				ENABLE_STRICT_OBJC_MSGSEND = YES;
				GCC_C_LANGUAGE_STANDARD = gnu11;
				GCC_NO_COMMON_BLOCKS = YES;
				GCC_WARN_64_TO_32_BIT_CONVERSION = YES;
				GCC_WARN_ABOUT_RETURN_TYPE = YES_ERROR;
				GCC_WARN_UNDECLARED_SELECTOR = YES;
				GCC_WARN_UNINITIALIZED_AUTOS = YES_AGGRESSIVE;
				GCC_WARN_UNUSED_FUNCTION = YES;
				GCC_WARN_UNUSED_VARIABLE = YES;
				IPHONEOS_DEPLOYMENT_TARGET = 15.4;
				MTL_ENABLE_DEBUG_INFO = NO;
				MTL_FAST_MATH = YES;
				SDKROOT = iphoneos;
				SWIFT_COMPILATION_MODE = wholemodule;
				SWIFT_OPTIMIZATION_LEVEL = "-O";
				VALIDATE_PRODUCT = YES;
			};
			name = Release;
		};
		D7A80F2D2995D7B000882F7B /* Debug */ = {
			isa = XCBuildConfiguration;
			buildSettings = {
				ASSETCATALOG_COMPILER_APPICON_NAME = AppIcon;
				ASSETCATALOG_COMPILER_GLOBAL_ACCENT_COLOR_NAME = AccentColor;
				CODE_SIGN_STYLE = Automatic;
				CURRENT_PROJECT_VERSION = 1;
				GENERATE_INFOPLIST_FILE = YES;
				INFOPLIST_FILE = Rides/Info.plist;
				INFOPLIST_KEY_UIApplicationSupportsIndirectInputEvents = YES;
				INFOPLIST_KEY_UILaunchStoryboardName = LaunchScreen;
				INFOPLIST_KEY_UIMainStoryboardFile = Main;
				INFOPLIST_KEY_UISupportedInterfaceOrientations_iPad = "UIInterfaceOrientationPortrait UIInterfaceOrientationPortraitUpsideDown UIInterfaceOrientationLandscapeLeft UIInterfaceOrientationLandscapeRight";
				INFOPLIST_KEY_UISupportedInterfaceOrientations_iPhone = "UIInterfaceOrientationPortrait UIInterfaceOrientationLandscapeLeft UIInterfaceOrientationLandscapeRight";
				LD_RUNPATH_SEARCH_PATHS = (
					"$(inherited)",
					"@executable_path/Frameworks",
				);
				MARKETING_VERSION = 1.0;
				PRODUCT_BUNDLE_IDENTIFIER = com.subin.Rides;
				PRODUCT_NAME = "$(TARGET_NAME)";
				SWIFT_EMIT_LOC_STRINGS = YES;
				SWIFT_VERSION = 5.0;
				TARGETED_DEVICE_FAMILY = "1,2";
			};
			name = Debug;
		};
		D7A80F2E2995D7B000882F7B /* Release */ = {
			isa = XCBuildConfiguration;
			buildSettings = {
				ASSETCATALOG_COMPILER_APPICON_NAME = AppIcon;
				ASSETCATALOG_COMPILER_GLOBAL_ACCENT_COLOR_NAME = AccentColor;
				CODE_SIGN_STYLE = Automatic;
				CURRENT_PROJECT_VERSION = 1;
				GENERATE_INFOPLIST_FILE = YES;
				INFOPLIST_FILE = Rides/Info.plist;
				INFOPLIST_KEY_UIApplicationSupportsIndirectInputEvents = YES;
				INFOPLIST_KEY_UILaunchStoryboardName = LaunchScreen;
				INFOPLIST_KEY_UIMainStoryboardFile = Main;
				INFOPLIST_KEY_UISupportedInterfaceOrientations_iPad = "UIInterfaceOrientationPortrait UIInterfaceOrientationPortraitUpsideDown UIInterfaceOrientationLandscapeLeft UIInterfaceOrientationLandscapeRight";
				INFOPLIST_KEY_UISupportedInterfaceOrientations_iPhone = "UIInterfaceOrientationPortrait UIInterfaceOrientationLandscapeLeft UIInterfaceOrientationLandscapeRight";
				LD_RUNPATH_SEARCH_PATHS = (
					"$(inherited)",
					"@executable_path/Frameworks",
				);
				MARKETING_VERSION = 1.0;
				PRODUCT_BUNDLE_IDENTIFIER = com.subin.Rides;
				PRODUCT_NAME = "$(TARGET_NAME)";
				SWIFT_EMIT_LOC_STRINGS = YES;
				SWIFT_VERSION = 5.0;
				TARGETED_DEVICE_FAMILY = "1,2";
			};
			name = Release;
		};
		D7A80F302995D7B000882F7B /* Debug */ = {
			isa = XCBuildConfiguration;
			buildSettings = {
				ALWAYS_EMBED_SWIFT_STANDARD_LIBRARIES = YES;
				BUNDLE_LOADER = "$(TEST_HOST)";
				CODE_SIGN_STYLE = Automatic;
				CURRENT_PROJECT_VERSION = 1;
				GENERATE_INFOPLIST_FILE = YES;
				IPHONEOS_DEPLOYMENT_TARGET = 15.4;
				MARKETING_VERSION = 1.0;
				PRODUCT_BUNDLE_IDENTIFIER = com.subin.RidesTests;
				PRODUCT_NAME = "$(TARGET_NAME)";
				SWIFT_EMIT_LOC_STRINGS = NO;
				SWIFT_VERSION = 5.0;
				TARGETED_DEVICE_FAMILY = "1,2";
				TEST_HOST = "$(BUILT_PRODUCTS_DIR)/Rides.app/Rides";
			};
			name = Debug;
		};
		D7A80F312995D7B000882F7B /* Release */ = {
			isa = XCBuildConfiguration;
			buildSettings = {
				ALWAYS_EMBED_SWIFT_STANDARD_LIBRARIES = YES;
				BUNDLE_LOADER = "$(TEST_HOST)";
				CODE_SIGN_STYLE = Automatic;
				CURRENT_PROJECT_VERSION = 1;
				GENERATE_INFOPLIST_FILE = YES;
				IPHONEOS_DEPLOYMENT_TARGET = 15.4;
				MARKETING_VERSION = 1.0;
				PRODUCT_BUNDLE_IDENTIFIER = com.subin.RidesTests;
				PRODUCT_NAME = "$(TARGET_NAME)";
				SWIFT_EMIT_LOC_STRINGS = NO;
				SWIFT_VERSION = 5.0;
				TARGETED_DEVICE_FAMILY = "1,2";
				TEST_HOST = "$(BUILT_PRODUCTS_DIR)/Rides.app/Rides";
			};
			name = Release;
		};
		D7A80F332995D7B000882F7B /* Debug */ = {
			isa = XCBuildConfiguration;
			buildSettings = {
				ALWAYS_EMBED_SWIFT_STANDARD_LIBRARIES = YES;
				CODE_SIGN_STYLE = Automatic;
				CURRENT_PROJECT_VERSION = 1;
				GENERATE_INFOPLIST_FILE = YES;
				MARKETING_VERSION = 1.0;
				PRODUCT_BUNDLE_IDENTIFIER = com.subin.RidesUITests;
				PRODUCT_NAME = "$(TARGET_NAME)";
				SWIFT_EMIT_LOC_STRINGS = NO;
				SWIFT_VERSION = 5.0;
				TARGETED_DEVICE_FAMILY = "1,2";
				TEST_TARGET_NAME = Rides;
			};
			name = Debug;
		};
		D7A80F342995D7B000882F7B /* Release */ = {
			isa = XCBuildConfiguration;
			buildSettings = {
				ALWAYS_EMBED_SWIFT_STANDARD_LIBRARIES = YES;
				CODE_SIGN_STYLE = Automatic;
				CURRENT_PROJECT_VERSION = 1;
				GENERATE_INFOPLIST_FILE = YES;
				MARKETING_VERSION = 1.0;
				PRODUCT_BUNDLE_IDENTIFIER = com.subin.RidesUITests;
				PRODUCT_NAME = "$(TARGET_NAME)";
				SWIFT_EMIT_LOC_STRINGS = NO;
				SWIFT_VERSION = 5.0;
				TARGETED_DEVICE_FAMILY = "1,2";
				TEST_TARGET_NAME = Rides;
			};
			name = Release;
		};
/* End XCBuildConfiguration section */

/* Begin XCConfigurationList section */
		D7A80EFD2995D7AD00882F7B /* Build configuration list for PBXProject "Rides" */ = {
			isa = XCConfigurationList;
			buildConfigurations = (
				D7A80F2A2995D7B000882F7B /* Debug */,
				D7A80F2B2995D7B000882F7B /* Release */,
			);
			defaultConfigurationIsVisible = 0;
			defaultConfigurationName = Release;
		};
		D7A80F2C2995D7B000882F7B /* Build configuration list for PBXNativeTarget "Rides" */ = {
			isa = XCConfigurationList;
			buildConfigurations = (
				D7A80F2D2995D7B000882F7B /* Debug */,
				D7A80F2E2995D7B000882F7B /* Release */,
			);
			defaultConfigurationIsVisible = 0;
			defaultConfigurationName = Release;
		};
		D7A80F2F2995D7B000882F7B /* Build configuration list for PBXNativeTarget "RidesTests" */ = {
			isa = XCConfigurationList;
			buildConfigurations = (
				D7A80F302995D7B000882F7B /* Debug */,
				D7A80F312995D7B000882F7B /* Release */,
			);
			defaultConfigurationIsVisible = 0;
			defaultConfigurationName = Release;
		};
		D7A80F322995D7B000882F7B /* Build configuration list for PBXNativeTarget "RidesUITests" */ = {
			isa = XCConfigurationList;
			buildConfigurations = (
				D7A80F332995D7B000882F7B /* Debug */,
				D7A80F342995D7B000882F7B /* Release */,
			);
			defaultConfigurationIsVisible = 0;
			defaultConfigurationName = Release;
		};
/* End XCConfigurationList section */
	};
	rootObject = D7A80EFA2995D7AD00882F7B /* Project object */;
}
