// !$*UTF8*$!
{
	archiveVersion = 1;
	classes = {
	};
	objectVersion = 55;
	objects = {

/* Begin PBXBuildFile section */
		D7A1BE032999C34F00948936 /* VehicleDetailCollectionViewCell.xib in Resources */ = {isa = PBXBuildFile; fileRef = D7A1BE022999C34F00948936 /* VehicleDetailCollectionViewCell.xib */; };
		D7A1BE052999C4C100948936 /* VehicleDetail.storyboard in Resources */ = {isa = PBXBuildFile; fileRef = D7A1BE042999C4C100948936 /* VehicleDetail.storyboard */; };
		D7A1BE072999D03800948936 /* VehicleDetailPageViewController.swift in Sources */ = {isa = PBXBuildFile; fileRef = D7A1BE062999D03800948936 /* VehicleDetailPageViewController.swift */; };
		D7A1BE09299AB3E800948936 /* VehicleDetailCollectionViewCell.swift in Sources */ = {isa = PBXBuildFile; fileRef = D7A1BE08299AB3E800948936 /* VehicleDetailCollectionViewCell.swift */; };
		D7A1BE0C299ACBBC00948936 /* VehicleDetailsViewModal.swift in Sources */ = {isa = PBXBuildFile; fileRef = D7A1BE0B299ACBBC00948936 /* VehicleDetailsViewModal.swift */; };
		D7A1BE10299B303100948936 /* InputRangeValidatorRandomVehicle.swift in Sources */ = {isa = PBXBuildFile; fileRef = D7A1BE0F299B303100948936 /* InputRangeValidatorRandomVehicle.swift */; };
		D7A1BE12299B30FE00948936 /* InputRangeValidatorRandomVehicle.swift in Sources */ = {isa = PBXBuildFile; fileRef = D7A1BE0F299B303100948936 /* InputRangeValidatorRandomVehicle.swift */; };
		D7A1BE13299B319D00948936 /* RangeCheckInputVehicleRandomListTests.swift in Sources */ = {isa = PBXBuildFile; fileRef = D7A1BE0D299B2F7100948936 /* RangeCheckInputVehicleRandomListTests.swift */; };
		D7A80F062995D7AD00882F7B /* AppDelegate.swift in Sources */ = {isa = PBXBuildFile; fileRef = D7A80F052995D7AD00882F7B /* AppDelegate.swift */; };
		D7A80F082995D7AD00882F7B /* SceneDelegate.swift in Sources */ = {isa = PBXBuildFile; fileRef = D7A80F072995D7AD00882F7B /* SceneDelegate.swift */; };
		D7A80F0D2995D7AD00882F7B /* Main.storyboard in Resources */ = {isa = PBXBuildFile; fileRef = D7A80F0B2995D7AD00882F7B /* Main.storyboard */; };
		D7A80F0F2995D7B000882F7B /* Assets.xcassets in Resources */ = {isa = PBXBuildFile; fileRef = D7A80F0E2995D7B000882F7B /* Assets.xcassets */; };
		D7A80F122995D7B000882F7B /* LaunchScreen.storyboard in Resources */ = {isa = PBXBuildFile; fileRef = D7A80F102995D7B000882F7B /* LaunchScreen.storyboard */; };
		D7A80F1D2995D7B000882F7B /* RidesTests.swift in Sources */ = {isa = PBXBuildFile; fileRef = D7A80F1C2995D7B000882F7B /* RidesTests.swift */; };
		D7A80F272995D7B000882F7B /* RidesUITests.swift in Sources */ = {isa = PBXBuildFile; fileRef = D7A80F262995D7B000882F7B /* RidesUITests.swift */; };
		D7A80F292995D7B000882F7B /* RidesUITestsLaunchTests.swift in Sources */ = {isa = PBXBuildFile; fileRef = D7A80F282995D7B000882F7B /* RidesUITestsLaunchTests.swift */; };
		D7A80F402995E4AD00882F7B /* InitialViewController.swift in Sources */ = {isa = PBXBuildFile; fileRef = D7A80F3F2995E4AD00882F7B /* InitialViewController.swift */; };
		D7A80F432995E96D00882F7B /* VehicleListAPIResponseModal.swift in Sources */ = {isa = PBXBuildFile; fileRef = D7A80F422995E96D00882F7B /* VehicleListAPIResponseModal.swift */; };
		D7A80F482995E9F700882F7B /* LandingPageViewController.swift in Sources */ = {isa = PBXBuildFile; fileRef = D7A80F472995E9F700882F7B /* LandingPageViewController.swift */; };
		D7A80F4A2995EA8300882F7B /* LandingPageView.storyboard in Resources */ = {isa = PBXBuildFile; fileRef = D7A80F492995EA8300882F7B /* LandingPageView.storyboard */; };
		D7D264682996CB6F003EA607 /* VehicleListViewModal.swift in Sources */ = {isa = PBXBuildFile; fileRef = D7D264672996CB6F003EA607 /* VehicleListViewModal.swift */; };
		D7D2646B2996EC1E003EA607 /* EmissionRateCalculator.swift in Sources */ = {isa = PBXBuildFile; fileRef = D7D2646A2996EC1E003EA607 /* EmissionRateCalculator.swift */; };
		D7D264702996EDB2003EA607 /* ApiList.swift in Sources */ = {isa = PBXBuildFile; fileRef = D7D2646F2996EDB2003EA607 /* ApiList.swift */; };
		D7D264732996F01D003EA607 /* URLSession+Helper.swift in Sources */ = {isa = PBXBuildFile; fileRef = D7D264722996F01D003EA607 /* URLSession+Helper.swift */; };
		D7D264752996F086003EA607 /* VehicleListAPIService.swift in Sources */ = {isa = PBXBuildFile; fileRef = D7D264742996F086003EA607 /* VehicleListAPIService.swift */; };
		D7D2647C2998635A003EA607 /* VehicleListTableViewCell.xib in Resources */ = {isa = PBXBuildFile; fileRef = D7D2647B2998635A003EA607 /* VehicleListTableViewCell.xib */; };
		D7D2647F29986A0D003EA607 /* UILabelCustomClasses.swift in Sources */ = {isa = PBXBuildFile; fileRef = D7D2647E29986A0D003EA607 /* UILabelCustomClasses.swift */; };
		D7D2648129986C73003EA607 /* CommonConstants.swift in Sources */ = {isa = PBXBuildFile; fileRef = D7D2648029986C73003EA607 /* CommonConstants.swift */; };
		D7D2648329987F70003EA607 /* VehicleListTableViewCell.swift in Sources */ = {isa = PBXBuildFile; fileRef = D7D2648229987F70003EA607 /* VehicleListTableViewCell.swift */; };
		D7D264862999240E003EA607 /* ErrorAPIModel.swift in Sources */ = {isa = PBXBuildFile; fileRef = D7D264852999240E003EA607 /* ErrorAPIModel.swift */; };
/* End PBXBuildFile section */

/* Begin PBXContainerItemProxy section */
		D7A80F192995D7B000882F7B /* PBXContainerItemProxy */ = {
			isa = PBXContainerItemProxy;
			containerPortal = D7A80EFA2995D7AD00882F7B /* Project object */;
			proxyType = 1;
			remoteGlobalIDString = D7A80F012995D7AD00882F7B;
			remoteInfo = Rides;
		};
		D7A80F232995D7B000882F7B /* PBXContainerItemProxy */ = {
			isa = PBXContainerItemProxy;
			containerPortal = D7A80EFA2995D7AD00882F7B /* Project object */;
			proxyType = 1;
			remoteGlobalIDString = D7A80F012995D7AD00882F7B;
			remoteInfo = Rides;
		};
/* End PBXContainerItemProxy section */

/* Begin PBXFileReference section */
		D7A1BE022999C34F00948936 /* VehicleDetailCollectionViewCell.xib */ = {isa = PBXFileReference; lastKnownFileType = file.xib; path = VehicleDetailCollectionViewCell.xib; sourceTree = "<group>"; };
		D7A1BE042999C4C100948936 /* VehicleDetail.storyboard */ = {isa = PBXFileReference; lastKnownFileType = file.storyboard; path = VehicleDetail.storyboard; sourceTree = "<group>"; };
		D7A1BE062999D03800948936 /* VehicleDetailPageViewController.swift */ = {isa = PBXFileReference; lastKnownFileType = sourcecode.swift; path = VehicleDetailPageViewController.swift; sourceTree = "<group>"; };
		D7A1BE08299AB3E800948936 /* VehicleDetailCollectionViewCell.swift */ = {isa = PBXFileReference; lastKnownFileType = sourcecode.swift; path = VehicleDetailCollectionViewCell.swift; sourceTree = "<group>"; };
		D7A1BE0B299ACBBC00948936 /* VehicleDetailsViewModal.swift */ = {isa = PBXFileReference; lastKnownFileType = sourcecode.swift; path = VehicleDetailsViewModal.swift; sourceTree = "<group>"; };
		D7A1BE0D299B2F7100948936 /* RangeCheckInputVehicleRandomListTests.swift */ = {isa = PBXFileReference; lastKnownFileType = sourcecode.swift; path = RangeCheckInputVehicleRandomListTests.swift; sourceTree = "<group>"; };
		D7A1BE0F299B303100948936 /* InputRangeValidatorRandomVehicle.swift */ = {isa = PBXFileReference; lastKnownFileType = sourcecode.swift; path = InputRangeValidatorRandomVehicle.swift; sourceTree = "<group>"; };
		D7A80F022995D7AD00882F7B /* Rides.app */ = {isa = PBXFileReference; explicitFileType = wrapper.application; includeInIndex = 0; path = Rides.app; sourceTree = BUILT_PRODUCTS_DIR; };
		D7A80F052995D7AD00882F7B /* AppDelegate.swift */ = {isa = PBXFileReference; lastKnownFileType = sourcecode.swift; path = AppDelegate.swift; sourceTree = "<group>"; };
		D7A80F072995D7AD00882F7B /* SceneDelegate.swift */ = {isa = PBXFileReference; lastKnownFileType = sourcecode.swift; path = SceneDelegate.swift; sourceTree = "<group>"; };
		D7A80F0C2995D7AD00882F7B /* Base */ = {isa = PBXFileReference; lastKnownFileType = file.storyboard; name = Base; path = Base.lproj/Main.storyboard; sourceTree = "<group>"; };
		D7A80F0E2995D7B000882F7B /* Assets.xcassets */ = {isa = PBXFileReference; lastKnownFileType = folder.assetcatalog; path = Assets.xcassets; sourceTree = "<group>"; };
		D7A80F112995D7B000882F7B /* Base */ = {isa = PBXFileReference; lastKnownFileType = file.storyboard; name = Base; path = Base.lproj/LaunchScreen.storyboard; sourceTree = "<group>"; };
		D7A80F132995D7B000882F7B /* Info.plist */ = {isa = PBXFileReference; lastKnownFileType = text.plist.xml; path = Info.plist; sourceTree = "<group>"; };
		D7A80F182995D7B000882F7B /* RidesTests.xctest */ = {isa = PBXFileReference; explicitFileType = wrapper.cfbundle; includeInIndex = 0; path = RidesTests.xctest; sourceTree = BUILT_PRODUCTS_DIR; };
		D7A80F1C2995D7B000882F7B /* RidesTests.swift */ = {isa = PBXFileReference; lastKnownFileType = sourcecode.swift; path = RidesTests.swift; sourceTree = "<group>"; };
		D7A80F222995D7B000882F7B /* RidesUITests.xctest */ = {isa = PBXFileReference; explicitFileType = wrapper.cfbundle; includeInIndex = 0; path = RidesUITests.xctest; sourceTree = BUILT_PRODUCTS_DIR; };
		D7A80F262995D7B000882F7B /* RidesUITests.swift */ = {isa = PBXFileReference; lastKnownFileType = sourcecode.swift; path = RidesUITests.swift; sourceTree = "<group>"; };
		D7A80F282995D7B000882F7B /* RidesUITestsLaunchTests.swift */ = {isa = PBXFileReference; lastKnownFileType = sourcecode.swift; path = RidesUITestsLaunchTests.swift; sourceTree = "<group>"; };
		D7A80F3F2995E4AD00882F7B /* InitialViewController.swift */ = {isa = PBXFileReference; lastKnownFileType = sourcecode.swift; path = InitialViewController.swift; sourceTree = "<group>"; };
		D7A80F422995E96D00882F7B /* VehicleListAPIResponseModal.swift */ = {isa = PBXFileReference; fileEncoding = 4; lastKnownFileType = sourcecode.swift; path = VehicleListAPIResponseModal.swift; sourceTree = "<group>"; };
		D7A80F472995E9F700882F7B /* LandingPageViewController.swift */ = {isa = PBXFileReference; lastKnownFileType = sourcecode.swift; path = LandingPageViewController.swift; sourceTree = "<group>"; };
		D7A80F492995EA8300882F7B /* LandingPageView.storyboard */ = {isa = PBXFileReference; lastKnownFileType = file.storyboard; path = LandingPageView.storyboard; sourceTree = "<group>"; };
		D7D264672996CB6F003EA607 /* VehicleListViewModal.swift */ = {isa = PBXFileReference; lastKnownFileType = sourcecode.swift; path = VehicleListViewModal.swift; sourceTree = "<group>"; };
		D7D2646A2996EC1E003EA607 /* EmissionRateCalculator.swift */ = {isa = PBXFileReference; lastKnownFileType = sourcecode.swift; path = EmissionRateCalculator.swift; sourceTree = "<group>"; };
		D7D2646F2996EDB2003EA607 /* ApiList.swift */ = {isa = PBXFileReference; fileEncoding = 4; lastKnownFileType = sourcecode.swift; name = ApiList.swift; path = NetworkHelper/ApiList.swift; sourceTree = SOURCE_ROOT; };
		D7D264722996F01D003EA607 /* URLSession+Helper.swift */ = {isa = PBXFileReference; fileEncoding = 4; lastKnownFileType = sourcecode.swift; name = "URLSession+Helper.swift"; path = "Helpers/URLSession+Helper.swift"; sourceTree = SOURCE_ROOT; };
		D7D264742996F086003EA607 /* VehicleListAPIService.swift */ = {isa = PBXFileReference; lastKnownFileType = sourcecode.swift; path = VehicleListAPIService.swift; sourceTree = "<group>"; };
		D7D2647B2998635A003EA607 /* VehicleListTableViewCell.xib */ = {isa = PBXFileReference; lastKnownFileType = file.xib; path = VehicleListTableViewCell.xib; sourceTree = "<group>"; };
		D7D2647E29986A0D003EA607 /* UILabelCustomClasses.swift */ = {isa = PBXFileReference; lastKnownFileType = sourcecode.swift; path = UILabelCustomClasses.swift; sourceTree = "<group>"; };
		D7D2648029986C73003EA607 /* CommonConstants.swift */ = {isa = PBXFileReference; lastKnownFileType = sourcecode.swift; path = CommonConstants.swift; sourceTree = "<group>"; };
		D7D2648229987F70003EA607 /* VehicleListTableViewCell.swift */ = {isa = PBXFileReference; lastKnownFileType = sourcecode.swift; path = VehicleListTableViewCell.swift; sourceTree = "<group>"; };
		D7D264852999240E003EA607 /* ErrorAPIModel.swift */ = {isa = PBXFileReference; lastKnownFileType = sourcecode.swift; path = ErrorAPIModel.swift; sourceTree = "<group>"; };
/* End PBXFileReference section */

/* Begin PBXFrameworksBuildPhase section */
		D7A80EFF2995D7AD00882F7B /* Frameworks */ = {
			isa = PBXFrameworksBuildPhase;
			buildActionMask = 2147483647;
			files = (
			);
			runOnlyForDeploymentPostprocessing = 0;
		};
		D7A80F152995D7B000882F7B /* Frameworks */ = {
			isa = PBXFrameworksBuildPhase;
			buildActionMask = 2147483647;
			files = (
			);
			runOnlyForDeploymentPostprocessing = 0;
		};
		D7A80F1F2995D7B000882F7B /* Frameworks */ = {
			isa = PBXFrameworksBuildPhase;
			buildActionMask = 2147483647;
			files = (
			);
			runOnlyForDeploymentPostprocessing = 0;
		};
/* End PBXFrameworksBuildPhase section */

/* Begin PBXGroup section */
		D7A1BDFD2999C18E00948936 /* VehicleDetailPage */ = {
			isa = PBXGroup;
			children = (
				D7A1BE0A299ACBA600948936 /* ViewModal */,
				D7A1BDFE2999C2B800948936 /* View */,
				D7A1BE042999C4C100948936 /* VehicleDetail.storyboard */,
			);
			path = VehicleDetailPage;
			sourceTree = "<group>";
		};
		D7A1BDFE2999C2B800948936 /* View */ = {
			isa = PBXGroup;
			children = (
				D7A1BDFF2999C2C800948936 /* Cell */,
				D7A1BE062999D03800948936 /* VehicleDetailPageViewController.swift */,
			);
			path = View;
			sourceTree = "<group>";
		};
		D7A1BDFF2999C2C800948936 /* Cell */ = {
			isa = PBXGroup;
			children = (
				D7A1BE022999C34F00948936 /* VehicleDetailCollectionViewCell.xib */,
				D7A1BE08299AB3E800948936 /* VehicleDetailCollectionViewCell.swift */,
			);
			path = Cell;
			sourceTree = "<group>";
		};
		D7A1BE0A299ACBA600948936 /* ViewModal */ = {
			isa = PBXGroup;
			children = (
				D7A1BE0B299ACBBC00948936 /* VehicleDetailsViewModal.swift */,
			);
			path = ViewModal;
			sourceTree = "<group>";
		};
		D7A80EF92995D7AD00882F7B = {
			isa = PBXGroup;
			children = (
				D7D26484299923FA003EA607 /* CommonModels */,
				D7D264712996EFFA003EA607 /* CommonHelper */,
				D7A80F042995D7AD00882F7B /* Rides */,
				D7A80F1B2995D7B000882F7B /* RidesTests */,
				D7A80F252995D7B000882F7B /* RidesUITests */,
				D7A80F032995D7AD00882F7B /* Products */,
			);
			sourceTree = "<group>";
		};
		D7A80F032995D7AD00882F7B /* Products */ = {
			isa = PBXGroup;
			children = (
				D7A80F022995D7AD00882F7B /* Rides.app */,
				D7A80F182995D7B000882F7B /* RidesTests.xctest */,
				D7A80F222995D7B000882F7B /* RidesUITests.xctest */,
			);
			name = Products;
			sourceTree = "<group>";
		};
		D7A80F042995D7AD00882F7B /* Rides */ = {
			isa = PBXGroup;
			children = (
				D7D2647D299869D7003EA607 /* CommonClass */,
				D7D2646E2996ED82003EA607 /* NetworkAPIHelper */,
				D7A80F412995E6C700882F7B /* Screens */,
				D7A80F3C2995E28900882F7B /* InitialView */,
				D7A80F052995D7AD00882F7B /* AppDelegate.swift */,
				D7A80F072995D7AD00882F7B /* SceneDelegate.swift */,
				D7A80F0B2995D7AD00882F7B /* Main.storyboard */,
				D7A80F0E2995D7B000882F7B /* Assets.xcassets */,
				D7A80F102995D7B000882F7B /* LaunchScreen.storyboard */,
				D7A80F132995D7B000882F7B /* Info.plist */,
			);
			path = Rides;
			sourceTree = "<group>";
		};
		D7A80F1B2995D7B000882F7B /* RidesTests */ = {
			isa = PBXGroup;
			children = (
				D7A1BE0D299B2F7100948936 /* RangeCheckInputVehicleRandomListTests.swift */,
				D7A80F1C2995D7B000882F7B /* RidesTests.swift */,
			);
			path = RidesTests;
			sourceTree = "<group>";
		};
		D7A80F252995D7B000882F7B /* RidesUITests */ = {
			isa = PBXGroup;
			children = (
				D7A80F262995D7B000882F7B /* RidesUITests.swift */,
				D7A80F282995D7B000882F7B /* RidesUITestsLaunchTests.swift */,
			);
			path = RidesUITests;
			sourceTree = "<group>";
		};
		D7A80F3C2995E28900882F7B /* InitialView */ = {
			isa = PBXGroup;
			children = (
				D7A80F3F2995E4AD00882F7B /* InitialViewController.swift */,
			);
			path = InitialView;
			sourceTree = "<group>";
		};
		D7A80F412995E6C700882F7B /* Screens */ = {
			isa = PBXGroup;
			children = (
				D7A1BDFD2999C18E00948936 /* VehicleDetailPage */,
				D7A80F452995E9C200882F7B /* LandingPage */,
			);
			path = Screens;
			sourceTree = "<group>";
		};
		D7A80F442995E97100882F7B /* Modal */ = {
			isa = PBXGroup;
			children = (
				D7A80F422995E96D00882F7B /* VehicleListAPIResponseModal.swift */,
				D7A1BE0F299B303100948936 /* InputRangeValidatorRandomVehicle.swift */,
			);
			path = Modal;
			sourceTree = "<group>";
		};
		D7A80F452995E9C200882F7B /* LandingPage */ = {
			isa = PBXGroup;
			children = (
				D7D264692996EC09003EA607 /* Service */,
				D7D264662996C640003EA607 /* ViewModal */,
				D7A80F462995E9E300882F7B /* View */,
				D7A80F442995E97100882F7B /* Modal */,
			);
			path = LandingPage;
			sourceTree = "<group>";
		};
		D7A80F462995E9E300882F7B /* View */ = {
			isa = PBXGroup;
			children = (
				D7D26478299861AD003EA607 /* Cell */,
				D7A80F472995E9F700882F7B /* LandingPageViewController.swift */,
				D7A80F492995EA8300882F7B /* LandingPageView.storyboard */,
			);
			path = View;
			sourceTree = "<group>";
		};
		D7D264662996C640003EA607 /* ViewModal */ = {
			isa = PBXGroup;
			children = (
				D7D264672996CB6F003EA607 /* VehicleListViewModal.swift */,
			);
			path = ViewModal;
			sourceTree = "<group>";
		};
		D7D264692996EC09003EA607 /* Service */ = {
			isa = PBXGroup;
			children = (
				D7D2646A2996EC1E003EA607 /* EmissionRateCalculator.swift */,
				D7D264742996F086003EA607 /* VehicleListAPIService.swift */,
			);
			path = Service;
			sourceTree = "<group>";
		};
		D7D2646E2996ED82003EA607 /* NetworkAPIHelper */ = {
			isa = PBXGroup;
			children = (
				D7D2646F2996EDB2003EA607 /* ApiList.swift */,
			);
			path = NetworkAPIHelper;
			sourceTree = "<group>";
		};
		D7D264712996EFFA003EA607 /* CommonHelper */ = {
			isa = PBXGroup;
			children = (
				D7D264722996F01D003EA607 /* URLSession+Helper.swift */,
			);
			path = CommonHelper;
			sourceTree = "<group>";
		};
		D7D26478299861AD003EA607 /* Cell */ = {
			isa = PBXGroup;
			children = (
				D7D2647B2998635A003EA607 /* VehicleListTableViewCell.xib */,
				D7D2648229987F70003EA607 /* VehicleListTableViewCell.swift */,
			);
			path = Cell;
			sourceTree = "<group>";
		};
		D7D2647D299869D7003EA607 /* CommonClass */ = {
			isa = PBXGroup;
			children = (
				D7D2647E29986A0D003EA607 /* UILabelCustomClasses.swift */,
				D7D2648029986C73003EA607 /* CommonConstants.swift */,
			);
			path = CommonClass;
			sourceTree = "<group>";
		};
		D7D26484299923FA003EA607 /* CommonModels */ = {
			isa = PBXGroup;
			children = (
				D7D264852999240E003EA607 /* ErrorAPIModel.swift */,
			);
			path = CommonModels;
			sourceTree = "<group>";
		};
/* End PBXGroup section */

/* Begin PBXNativeTarget section */
		D7A80F012995D7AD00882F7B /* Rides */ = {
			isa = PBXNativeTarget;
			buildConfigurationList = D7A80F2C2995D7B000882F7B /* Build configuration list for PBXNativeTarget "Rides" */;
			buildPhases = (
				D7A80EFE2995D7AD00882F7B /* Sources */,
				D7A80EFF2995D7AD00882F7B /* Frameworks */,
				D7A80F002995D7AD00882F7B /* Resources */,
			);
			buildRules = (
			);
			dependencies = (
			);
			name = Rides;
			productName = Rides;
			productReference = D7A80F022995D7AD00882F7B /* Rides.app */;
			productType = "com.apple.product-type.application";
		};
		D7A80F172995D7B000882F7B /* RidesTests */ = {
			isa = PBXNativeTarget;
			buildConfigurationList = D7A80F2F2995D7B000882F7B /* Build configuration list for PBXNativeTarget "RidesTests" */;
			buildPhases = (
				D7A80F142995D7B000882F7B /* Sources */,
				D7A80F152995D7B000882F7B /* Frameworks */,
				D7A80F162995D7B000882F7B /* Resources */,
			);
			buildRules = (
			);
			dependencies = (
				D7A80F1A2995D7B000882F7B /* PBXTargetDependency */,
			);
			name = RidesTests;
			productName = RidesTests;
			productReference = D7A80F182995D7B000882F7B /* RidesTests.xctest */;
			productType = "com.apple.product-type.bundle.unit-test";
		};
		D7A80F212995D7B000882F7B /* RidesUITests */ = {
			isa = PBXNativeTarget;
			buildConfigurationList = D7A80F322995D7B000882F7B /* Build configuration list for PBXNativeTarget "RidesUITests" */;
			buildPhases = (
				D7A80F1E2995D7B000882F7B /* Sources */,
				D7A80F1F2995D7B000882F7B /* Frameworks */,
				D7A80F202995D7B000882F7B /* Resources */,
			);
			buildRules = (
			);
			dependencies = (
				D7A80F242995D7B000882F7B /* PBXTargetDependency */,
			);
			name = RidesUITests;
			productName = RidesUITests;
			productReference = D7A80F222995D7B000882F7B /* RidesUITests.xctest */;
			productType = "com.apple.product-type.bundle.ui-testing";
		};
/* End PBXNativeTarget section */

/* Begin PBXProject section */
		D7A80EFA2995D7AD00882F7B /* Project object */ = {
			isa = PBXProject;
			attributes = {
				BuildIndependentTargetsInParallel = 1;
				LastSwiftUpdateCheck = 1330;
				LastUpgradeCheck = 1330;
				TargetAttributes = {
					D7A80F012995D7AD00882F7B = {
						CreatedOnToolsVersion = 13.3;
					};
					D7A80F172995D7B000882F7B = {
						CreatedOnToolsVersion = 13.3;
						TestTargetID = D7A80F012995D7AD00882F7B;
					};
					D7A80F212995D7B000882F7B = {
						CreatedOnToolsVersion = 13.3;
						TestTargetID = D7A80F012995D7AD00882F7B;
					};
				};
			};
			buildConfigurationList = D7A80EFD2995D7AD00882F7B /* Build configuration list for PBXProject "Rides" */;
			compatibilityVersion = "Xcode 13.0";
			developmentRegion = en;
			hasScannedForEncodings = 0;
			knownRegions = (
				en,
				Base,
			);
			mainGroup = D7A80EF92995D7AD00882F7B;
			productRefGroup = D7A80F032995D7AD00882F7B /* Products */;
			projectDirPath = "";
			projectRoot = "";
			targets = (
				D7A80F012995D7AD00882F7B /* Rides */,
				D7A80F172995D7B000882F7B /* RidesTests */,
				D7A80F212995D7B000882F7B /* RidesUITests */,
			);
		};
/* End PBXProject section */

/* Begin PBXResourcesBuildPhase section */
		D7A80F002995D7AD00882F7B /* Resources */ = {
			isa = PBXResourcesBuildPhase;
			buildActionMask = 2147483647;
			files = (
				D7A1BE032999C34F00948936 /* VehicleDetailCollectionViewCell.xib in Resources */,
				D7A80F4A2995EA8300882F7B /* LandingPageView.storyboard in Resources */,
				D7A1BE052999C4C100948936 /* VehicleDetail.storyboard in Resources */,
				D7A80F122995D7B000882F7B /* LaunchScreen.storyboard in Resources */,
				D7A80F0F2995D7B000882F7B /* Assets.xcassets in Resources */,
				D7A80F0D2995D7AD00882F7B /* Main.storyboard in Resources */,
				D7D2647C2998635A003EA607 /* VehicleListTableViewCell.xib in Resources */,
			);
			runOnlyForDeploymentPostprocessing = 0;
		};
		D7A80F162995D7B000882F7B /* Resources */ = {
			isa = PBXResourcesBuildPhase;
			buildActionMask = 2147483647;
			files = (
			);
			runOnlyForDeploymentPostprocessing = 0;
		};
		D7A80F202995D7B000882F7B /* Resources */ = {
			isa = PBXResourcesBuildPhase;
			buildActionMask = 2147483647;
			files = (
			);
			runOnlyForDeploymentPostprocessing = 0;
		};
/* End PBXResourcesBuildPhase section */

/* Begin PBXSourcesBuildPhase section */
		D7A80EFE2995D7AD00882F7B /* Sources */ = {
			isa = PBXSourcesBuildPhase;
			buildActionMask = 2147483647;
			files = (
				D7D264732996F01D003EA607 /* URLSession+Helper.swift in Sources */,
				D7D2647F29986A0D003EA607 /* UILabelCustomClasses.swift in Sources */,
				D7A80F482995E9F700882F7B /* LandingPageViewController.swift in Sources */,
				D7D264682996CB6F003EA607 /* VehicleListViewModal.swift in Sources */,
				D7A80F402995E4AD00882F7B /* InitialViewController.swift in Sources */,
				D7D264862999240E003EA607 /* ErrorAPIModel.swift in Sources */,
				D7D2646B2996EC1E003EA607 /* EmissionRateCalculator.swift in Sources */,
				D7A1BE10299B303100948936 /* InputRangeValidatorRandomVehicle.swift in Sources */,
				D7A1BE09299AB3E800948936 /* VehicleDetailCollectionViewCell.swift in Sources */,
				D7A80F432995E96D00882F7B /* VehicleListAPIResponseModal.swift in Sources */,
				D7A1BE0C299ACBBC00948936 /* VehicleDetailsViewModal.swift in Sources */,
				D7A80F062995D7AD00882F7B /* AppDelegate.swift in Sources */,
				D7D2648329987F70003EA607 /* VehicleListTableViewCell.swift in Sources */,
				D7D264702996EDB2003EA607 /* ApiList.swift in Sources */,
				D7A80F082995D7AD00882F7B /* SceneDelegate.swift in Sources */,
				D7D2648129986C73003EA607 /* CommonConstants.swift in Sources */,
				D7D264752996F086003EA607 /* VehicleListAPIService.swift in Sources */,
				D7A1BE072999D03800948936 /* VehicleDetailPageViewController.swift in Sources */,
			);
			runOnlyForDeploymentPostprocessing = 0;
		};
		D7A80F142995D7B000882F7B /* Sources */ = {
			isa = PBXSourcesBuildPhase;
			buildActionMask = 2147483647;
			files = (
				D7A1BE13299B319D00948936 /* RangeCheckInputVehicleRandomListTests.swift in Sources */,
				D7A80F1D2995D7B000882F7B /* RidesTests.swift in Sources */,
				D7A1BE12299B30FE00948936 /* InputRangeValidatorRandomVehicle.swift in Sources */,
			);
			runOnlyForDeploymentPostprocessing = 0;
		};
		D7A80F1E2995D7B000882F7B /* Sources */ = {
			isa = PBXSourcesBuildPhase;
			buildActionMask = 2147483647;
			files = (
				D7A80F292995D7B000882F7B /* RidesUITestsLaunchTests.swift in Sources */,
				D7A80F272995D7B000882F7B /* RidesUITests.swift in Sources */,
			);
			runOnlyForDeploymentPostprocessing = 0;
		};
/* End PBXSourcesBuildPhase section */

/* Begin PBXTargetDependency section */
		D7A80F1A2995D7B000882F7B /* PBXTargetDependency */ = {
			isa = PBXTargetDependency;
			target = D7A80F012995D7AD00882F7B /* Rides */;
			targetProxy = D7A80F192995D7B000882F7B /* PBXContainerItemProxy */;
		};
		D7A80F242995D7B000882F7B /* PBXTargetDependency */ = {
			isa = PBXTargetDependency;
			target = D7A80F012995D7AD00882F7B /* Rides */;
			targetProxy = D7A80F232995D7B000882F7B /* PBXContainerItemProxy */;
		};
/* End PBXTargetDependency section */

/* Begin PBXVariantGroup section */
		D7A80F0B2995D7AD00882F7B /* Main.storyboard */ = {
			isa = PBXVariantGroup;
			children = (
				D7A80F0C2995D7AD00882F7B /* Base */,
			);
			name = Main.storyboard;
			sourceTree = "<group>";
		};
		D7A80F102995D7B000882F7B /* LaunchScreen.storyboard */ = {
			isa = PBXVariantGroup;
			children = (
				D7A80F112995D7B000882F7B /* Base */,
			);
			name = LaunchScreen.storyboard;
			sourceTree = "<group>";
		};
/* End PBXVariantGroup section */

/* Begin XCBuildConfiguration section */
		D7A80F2A2995D7B000882F7B /* Debug */ = {
			isa = XCBuildConfiguration;
			buildSettings = {
				ALWAYS_SEARCH_USER_PATHS = NO;
				CLANG_ANALYZER_NONNULL = YES;
				CLANG_ANALYZER_NUMBER_OBJECT_CONVERSION = YES_AGGRESSIVE;
				CLANG_CXX_LANGUAGE_STANDARD = "gnu++17";
				CLANG_ENABLE_MODULES = YES;
				CLANG_ENABLE_OBJC_ARC = YES;
				CLANG_ENABLE_OBJC_WEAK = YES;
				CLANG_WARN_BLOCK_CAPTURE_AUTORELEASING = YES;
				CLANG_WARN_BOOL_CONVERSION = YES;
				CLANG_WARN_COMMA = YES;
				CLANG_WARN_CONSTANT_CONVERSION = YES;
				CLANG_WARN_DEPRECATED_OBJC_IMPLEMENTATIONS = YES;
				CLANG_WARN_DIRECT_OBJC_ISA_USAGE = YES_ERROR;
				CLANG_WARN_DOCUMENTATION_COMMENTS = YES;
				CLANG_WARN_EMPTY_BODY = YES;
				CLANG_WARN_ENUM_CONVERSION = YES;
				CLANG_WARN_INFINITE_RECURSION = YES;
				CLANG_WARN_INT_CONVERSION = YES;
				CLANG_WARN_NON_LITERAL_NULL_CONVERSION = YES;
				CLANG_WARN_OBJC_IMPLICIT_RETAIN_SELF = YES;
				CLANG_WARN_OBJC_LITERAL_CONVERSION = YES;
				CLANG_WARN_OBJC_ROOT_CLASS = YES_ERROR;
				CLANG_WARN_QUOTED_INCLUDE_IN_FRAMEWORK_HEADER = YES;
				CLANG_WARN_RANGE_LOOP_ANALYSIS = YES;
				CLANG_WARN_STRICT_PROTOTYPES = YES;
				CLANG_WARN_SUSPICIOUS_MOVE = YES;
				CLANG_WARN_UNGUARDED_AVAILABILITY = YES_AGGRESSIVE;
				CLANG_WARN_UNREACHABLE_CODE = YES;
				CLANG_WARN__DUPLICATE_METHOD_MATCH = YES;
				COPY_PHASE_STRIP = NO;
				DEBUG_INFORMATION_FORMAT = dwarf;
				ENABLE_STRICT_OBJC_MSGSEND = YES;
				ENABLE_TESTABILITY = YES;
				GCC_C_LANGUAGE_STANDARD = gnu11;
				GCC_DYNAMIC_NO_PIC = NO;
				GCC_NO_COMMON_BLOCKS = YES;
				GCC_OPTIMIZATION_LEVEL = 0;
				GCC_PREPROCESSOR_DEFINITIONS = (
					"DEBUG=1",
					"$(inherited)",
				);
				GCC_WARN_64_TO_32_BIT_CONVERSION = YES;
				GCC_WARN_ABOUT_RETURN_TYPE = YES_ERROR;
				GCC_WARN_UNDECLARED_SELECTOR = YES;
				GCC_WARN_UNINITIALIZED_AUTOS = YES_AGGRESSIVE;
				GCC_WARN_UNUSED_FUNCTION = YES;
				GCC_WARN_UNUSED_VARIABLE = YES;
				IPHONEOS_DEPLOYMENT_TARGET = 15.0;
				MTL_ENABLE_DEBUG_INFO = INCLUDE_SOURCE;
				MTL_FAST_MATH = YES;
				ONLY_ACTIVE_ARCH = YES;
				SDKROOT = iphoneos;
				SWIFT_ACTIVE_COMPILATION_CONDITIONS = DEBUG;
				SWIFT_OPTIMIZATION_LEVEL = "-Onone";
			};
			name = Debug;
		};
		D7A80F2B2995D7B000882F7B /* Release */ = {
			isa = XCBuildConfiguration;
			buildSettings = {
				ALWAYS_SEARCH_USER_PATHS = NO;
				CLANG_ANALYZER_NONNULL = YES;
				CLANG_ANALYZER_NUMBER_OBJECT_CONVERSION = YES_AGGRESSIVE;
				CLANG_CXX_LANGUAGE_STANDARD = "gnu++17";
				CLANG_ENABLE_MODULES = YES;
				CLANG_ENABLE_OBJC_ARC = YES;
				CLANG_ENABLE_OBJC_WEAK = YES;
				CLANG_WARN_BLOCK_CAPTURE_AUTORELEASING = YES;
				CLANG_WARN_BOOL_CONVERSION = YES;
				CLANG_WARN_COMMA = YES;
				CLANG_WARN_CONSTANT_CONVERSION = YES;
				CLANG_WARN_DEPRECATED_OBJC_IMPLEMENTATIONS = YES;
				CLANG_WARN_DIRECT_OBJC_ISA_USAGE = YES_ERROR;
				CLANG_WARN_DOCUMENTATION_COMMENTS = YES;
				CLANG_WARN_EMPTY_BODY = YES;
				CLANG_WARN_ENUM_CONVERSION = YES;
				CLANG_WARN_INFINITE_RECURSION = YES;
				CLANG_WARN_INT_CONVERSION = YES;
				CLANG_WARN_NON_LITERAL_NULL_CONVERSION = YES;
				CLANG_WARN_OBJC_IMPLICIT_RETAIN_SELF = YES;
				CLANG_WARN_OBJC_LITERAL_CONVERSION = YES;
				CLANG_WARN_OBJC_ROOT_CLASS = YES_ERROR;
				CLANG_WARN_QUOTED_INCLUDE_IN_FRAMEWORK_HEADER = YES;
				CLANG_WARN_RANGE_LOOP_ANALYSIS = YES;
				CLANG_WARN_STRICT_PROTOTYPES = YES;
				CLANG_WARN_SUSPICIOUS_MOVE = YES;
				CLANG_WARN_UNGUARDED_AVAILABILITY = YES_AGGRESSIVE;
				CLANG_WARN_UNREACHABLE_CODE = YES;
				CLANG_WARN__DUPLICATE_METHOD_MATCH = YES;
				COPY_PHASE_STRIP = NO;
				DEBUG_INFORMATION_FORMAT = "dwarf-with-dsym";
				ENABLE_NS_ASSERTIONS = NO;
				ENABLE_STRICT_OBJC_MSGSEND = YES;
				GCC_C_LANGUAGE_STANDARD = gnu11;
				GCC_NO_COMMON_BLOCKS = YES;
				GCC_WARN_64_TO_32_BIT_CONVERSION = YES;
				GCC_WARN_ABOUT_RETURN_TYPE = YES_ERROR;
				GCC_WARN_UNDECLARED_SELECTOR = YES;
				GCC_WARN_UNINITIALIZED_AUTOS = YES_AGGRESSIVE;
				GCC_WARN_UNUSED_FUNCTION = YES;
				GCC_WARN_UNUSED_VARIABLE = YES;
				IPHONEOS_DEPLOYMENT_TARGET = 15.0;
				MTL_ENABLE_DEBUG_INFO = NO;
				MTL_FAST_MATH = YES;
				SDKROOT = iphoneos;
				SWIFT_COMPILATION_MODE = wholemodule;
				SWIFT_OPTIMIZATION_LEVEL = "-O";
				VALIDATE_PRODUCT = YES;
			};
			name = Release;
		};
		D7A80F2D2995D7B000882F7B /* Debug */ = {
			isa = XCBuildConfiguration;
			buildSettings = {
				ASSETCATALOG_COMPILER_APPICON_NAME = AppIcon;
				ASSETCATALOG_COMPILER_GLOBAL_ACCENT_COLOR_NAME = AccentColor;
				CODE_SIGN_STYLE = Automatic;
				CURRENT_PROJECT_VERSION = 1;
				GENERATE_INFOPLIST_FILE = YES;
				INFOPLIST_FILE = Rides/Info.plist;
				INFOPLIST_KEY_CFBundleDisplayName = Rides;
				INFOPLIST_KEY_UIApplicationSupportsIndirectInputEvents = YES;
				INFOPLIST_KEY_UILaunchStoryboardName = LaunchScreen;
				INFOPLIST_KEY_UIMainStoryboardFile = Main;
				INFOPLIST_KEY_UISupportedInterfaceOrientations = "UIInterfaceOrientationPortrait UIInterfaceOrientationPortraitUpsideDown";
				INFOPLIST_KEY_UISupportedInterfaceOrientations_iPad = "UIInterfaceOrientationPortrait UIInterfaceOrientationPortraitUpsideDown UIInterfaceOrientationLandscapeLeft UIInterfaceOrientationLandscapeRight";
				INFOPLIST_KEY_UISupportedInterfaceOrientations_iPhone = "UIInterfaceOrientationPortrait UIInterfaceOrientationLandscapeLeft UIInterfaceOrientationLandscapeRight";
				LD_RUNPATH_SEARCH_PATHS = (
					"$(inherited)",
					"@executable_path/Frameworks",
				);
				MARKETING_VERSION = 1.0;
				PRODUCT_BUNDLE_IDENTIFIER = com.subin.Rides;
				PRODUCT_NAME = "$(TARGET_NAME)";
				SWIFT_EMIT_LOC_STRINGS = YES;
				SWIFT_VERSION = 5.0;
				TARGETED_DEVICE_FAMILY = 1;
			};
			name = Debug;
		};
		D7A80F2E2995D7B000882F7B /* Release */ = {
			isa = XCBuildConfiguration;
			buildSettings = {
				ASSETCATALOG_COMPILER_APPICON_NAME = AppIcon;
				ASSETCATALOG_COMPILER_GLOBAL_ACCENT_COLOR_NAME = AccentColor;
				CODE_SIGN_STYLE = Automatic;
				CURRENT_PROJECT_VERSION = 1;
				GENERATE_INFOPLIST_FILE = YES;
				INFOPLIST_FILE = Rides/Info.plist;
				INFOPLIST_KEY_CFBundleDisplayName = Rides;
				INFOPLIST_KEY_UIApplicationSupportsIndirectInputEvents = YES;
				INFOPLIST_KEY_UILaunchStoryboardName = LaunchScreen;
				INFOPLIST_KEY_UIMainStoryboardFile = Main;
				INFOPLIST_KEY_UISupportedInterfaceOrientations = "UIInterfaceOrientationPortrait UIInterfaceOrientationPortraitUpsideDown";
				INFOPLIST_KEY_UISupportedInterfaceOrientations_iPad = "UIInterfaceOrientationPortrait UIInterfaceOrientationPortraitUpsideDown UIInterfaceOrientationLandscapeLeft UIInterfaceOrientationLandscapeRight";
				INFOPLIST_KEY_UISupportedInterfaceOrientations_iPhone = "UIInterfaceOrientationPortrait UIInterfaceOrientationLandscapeLeft UIInterfaceOrientationLandscapeRight";
				LD_RUNPATH_SEARCH_PATHS = (
					"$(inherited)",
					"@executable_path/Frameworks",
				);
				MARKETING_VERSION = 1.0;
				PRODUCT_BUNDLE_IDENTIFIER = com.subin.Rides;
				PRODUCT_NAME = "$(TARGET_NAME)";
				SWIFT_EMIT_LOC_STRINGS = YES;
				SWIFT_VERSION = 5.0;
				TARGETED_DEVICE_FAMILY = 1;
			};
			name = Release;
		};
		D7A80F302995D7B000882F7B /* Debug */ = {
			isa = XCBuildConfiguration;
			buildSettings = {
				ALWAYS_EMBED_SWIFT_STANDARD_LIBRARIES = YES;
				BUNDLE_LOADER = "$(TEST_HOST)";
				CODE_SIGN_STYLE = Automatic;
				CURRENT_PROJECT_VERSION = 1;
				GENERATE_INFOPLIST_FILE = YES;
				IPHONEOS_DEPLOYMENT_TARGET = 15.4;
				MARKETING_VERSION = 1.0;
				PRODUCT_BUNDLE_IDENTIFIER = com.subin.RidesTests;
				PRODUCT_NAME = "$(TARGET_NAME)";
				SWIFT_EMIT_LOC_STRINGS = NO;
				SWIFT_VERSION = 5.0;
				TARGETED_DEVICE_FAMILY = "1,2";
				TEST_HOST = "$(BUILT_PRODUCTS_DIR)/Rides.app/Rides";
			};
			name = Debug;
		};
		D7A80F312995D7B000882F7B /* Release */ = {
			isa = XCBuildConfiguration;
			buildSettings = {
				ALWAYS_EMBED_SWIFT_STANDARD_LIBRARIES = YES;
				BUNDLE_LOADER = "$(TEST_HOST)";
				CODE_SIGN_STYLE = Automatic;
				CURRENT_PROJECT_VERSION = 1;
				GENERATE_INFOPLIST_FILE = YES;
				IPHONEOS_DEPLOYMENT_TARGET = 15.4;
				MARKETING_VERSION = 1.0;
				PRODUCT_BUNDLE_IDENTIFIER = com.subin.RidesTests;
				PRODUCT_NAME = "$(TARGET_NAME)";
				SWIFT_EMIT_LOC_STRINGS = NO;
				SWIFT_VERSION = 5.0;
				TARGETED_DEVICE_FAMILY = "1,2";
				TEST_HOST = "$(BUILT_PRODUCTS_DIR)/Rides.app/Rides";
			};
			name = Release;
		};
		D7A80F332995D7B000882F7B /* Debug */ = {
			isa = XCBuildConfiguration;
			buildSettings = {
				ALWAYS_EMBED_SWIFT_STANDARD_LIBRARIES = YES;
				CODE_SIGN_STYLE = Automatic;
				CURRENT_PROJECT_VERSION = 1;
				GENERATE_INFOPLIST_FILE = YES;
				MARKETING_VERSION = 1.0;
				PRODUCT_BUNDLE_IDENTIFIER = com.subin.RidesUITests;
				PRODUCT_NAME = "$(TARGET_NAME)";
				SWIFT_EMIT_LOC_STRINGS = NO;
				SWIFT_VERSION = 5.0;
				TARGETED_DEVICE_FAMILY = "1,2";
				TEST_TARGET_NAME = Rides;
			};
			name = Debug;
		};
		D7A80F342995D7B000882F7B /* Release */ = {
			isa = XCBuildConfiguration;
			buildSettings = {
				ALWAYS_EMBED_SWIFT_STANDARD_LIBRARIES = YES;
				CODE_SIGN_STYLE = Automatic;
				CURRENT_PROJECT_VERSION = 1;
				GENERATE_INFOPLIST_FILE = YES;
				MARKETING_VERSION = 1.0;
				PRODUCT_BUNDLE_IDENTIFIER = com.subin.RidesUITests;
				PRODUCT_NAME = "$(TARGET_NAME)";
				SWIFT_EMIT_LOC_STRINGS = NO;
				SWIFT_VERSION = 5.0;
				TARGETED_DEVICE_FAMILY = "1,2";
				TEST_TARGET_NAME = Rides;
			};
			name = Release;
		};
/* End XCBuildConfiguration section */

/* Begin XCConfigurationList section */
		D7A80EFD2995D7AD00882F7B /* Build configuration list for PBXProject "Rides" */ = {
			isa = XCConfigurationList;
			buildConfigurations = (
				D7A80F2A2995D7B000882F7B /* Debug */,
				D7A80F2B2995D7B000882F7B /* Release */,
			);
			defaultConfigurationIsVisible = 0;
			defaultConfigurationName = Release;
		};
		D7A80F2C2995D7B000882F7B /* Build configuration list for PBXNativeTarget "Rides" */ = {
			isa = XCConfigurationList;
			buildConfigurations = (
				D7A80F2D2995D7B000882F7B /* Debug */,
				D7A80F2E2995D7B000882F7B /* Release */,
			);
			defaultConfigurationIsVisible = 0;
			defaultConfigurationName = Release;
		};
		D7A80F2F2995D7B000882F7B /* Build configuration list for PBXNativeTarget "RidesTests" */ = {
			isa = XCConfigurationList;
			buildConfigurations = (
				D7A80F302995D7B000882F7B /* Debug */,
				D7A80F312995D7B000882F7B /* Release */,
			);
			defaultConfigurationIsVisible = 0;
			defaultConfigurationName = Release;
		};
		D7A80F322995D7B000882F7B /* Build configuration list for PBXNativeTarget "RidesUITests" */ = {
			isa = XCConfigurationList;
			buildConfigurations = (
				D7A80F332995D7B000882F7B /* Debug */,
				D7A80F342995D7B000882F7B /* Release */,
			);
			defaultConfigurationIsVisible = 0;
			defaultConfigurationName = Release;
		};
/* End XCConfigurationList section */
	};
	rootObject = D7A80EFA2995D7AD00882F7B /* Project object */;
}
